
Microsoft Visual Studio Solution File, Format Version 9.00
# Visual Studio 2005
Project("{8BC9CEB8-8B4A-11D0-8D11-00A0C91BC942}") = "BullsCar", "BullsCar\BullsCar.vcproj", "{3861A13D-0A18-4A58-B419-2A1A98469F26}"
EndProject
Global
	GlobalSection(SolutionConfigurationPlatforms) = preSolution
		Debug|Win32 = Debug|Win32
		Release|Win32 = Release|Win32
	EndGlobalSection
	GlobalSection(ProjectConfigurationPlatforms) = postSolution
		{3861A13D-0A18-4A58-B419-2A1A98469F26}.Debug|Win32.ActiveCfg = Debug|Win32
		{3861A13D-0A18-4A58-B419-2A1A98469F26}.Debug|Win32.Build.0 = Debug|Win32
		{3861A13D-0A18-4A58-B419-2A1A98469F26}.Release|Win32.ActiveCfg = Release|Win32
		{3861A13D-0A18-4A58-B419-2A1A98469F26}.Release|Win32.Build.0 = Release|Win32
	EndGlobalSection
	GlobalSection(SolutionProperties) = preSolution
		HideSolutionNode = FALSE
	EndGlobalSection
EndGlobal
